
Microsoft Visual Studio Solution File, Format Version 12.00
# Visual Studio 15
VisualStudioVersion = 15.0.28307.168
MinimumVisualStudioVersion = 10.0.40219.1
Project("{8BC9CEB8-8B4A-11D0-8D11-00A0C91BC942}") = "Engine", "Engine\Engine.vcxproj", "{1E0759D2-45AA-42BA-868B-D2FF2C8AD090}"
EndProject
Project("{8BC9CEB8-8B4A-11D0-8D11-00A0C91BC942}") = "Triangle", "Triangle\Triangle.vcxproj", "{7F964E81-01F7-4D5C-8DD0-41DB30BCB9A6}"
EndProject
Project("{8BC9CEB8-8B4A-11D0-8D11-00A0C91BC942}") = "PlatformLayer", "PlatformLayer\PlatformLayer.vcxproj", "{D32CEA8F-FE61-4151-A8E7-BF0BC2FC1B17}"
EndProject
Project("{2150E333-8FDC-42A3-9474-1A3956D46DE8}") = "Libraries", "Libraries", "{6B0CEF70-01C5-4AA9-9BBD-7C24EF75E185}"
EndProject
Project("{2150E333-8FDC-42A3-9474-1A3956D46DE8}") = "Apps", "Apps", "{23D7BC52-0419-4BA5-B766-F9714F1D970C}"
EndProject
Project("{8BC9CEB8-8B4A-11D0-8D11-00A0C91BC942}") = "RenderTriangleTest", "RenderTriangleTest\RenderTriangleTest.vcxproj", "{09AFA8DB-8A3A-4C71-AE6C-C00296961925}"
EndProject
Project("{8BC9CEB8-8B4A-11D0-8D11-00A0C91BC942}") = "glfw", "glfw-3.2.1\src\glfw.vcxproj", "{F173F9C2-31F7-3735-8542-37BBE89DDA82}"
EndProject
Project("{8BC9CEB8-8B4A-11D0-8D11-00A0C91BC942}") = "AssetImportTest", "AssetImportTest\AssetImportTest.vcxproj", "{16991770-9541-4702-BA06-23B9BF4A6C1A}"
EndProject
Project("{8BC9CEB8-8B4A-11D0-8D11-00A0C91BC942}") = "assimp", "assimp-4.1.0\code\assimp.vcxproj", "{9689231A-F0D9-30CD-9670-3DD23DCCECA7}"
EndProject
Project("{8BC9CEB8-8B4A-11D0-8D11-00A0C91BC942}") = "Renderer", "Renderer\Renderer.vcxproj", "{76C1C6EE-4021-4F86-8E74-D43AAF0076A1}"
EndProject
Global
	GlobalSection(SolutionConfigurationPlatforms) = preSolution
		Debug|x64 = Debug|x64
		Debug|x86 = Debug|x86
		MinSizeRel|x64 = MinSizeRel|x64
		MinSizeRel|x86 = MinSizeRel|x86
		Release|x64 = Release|x64
		Release|x86 = Release|x86
		RelWithDebInfo|x64 = RelWithDebInfo|x64
		RelWithDebInfo|x86 = RelWithDebInfo|x86
	EndGlobalSection
	GlobalSection(ProjectConfigurationPlatforms) = postSolution
		{1E0759D2-45AA-42BA-868B-D2FF2C8AD090}.Debug|x64.ActiveCfg = Debug|x64
		{1E0759D2-45AA-42BA-868B-D2FF2C8AD090}.Debug|x64.Build.0 = Debug|x64
		{1E0759D2-45AA-42BA-868B-D2FF2C8AD090}.Debug|x86.ActiveCfg = Debug|Win32
		{1E0759D2-45AA-42BA-868B-D2FF2C8AD090}.Debug|x86.Build.0 = Debug|Win32
		{1E0759D2-45AA-42BA-868B-D2FF2C8AD090}.MinSizeRel|x64.ActiveCfg = Debug|x64
		{1E0759D2-45AA-42BA-868B-D2FF2C8AD090}.MinSizeRel|x64.Build.0 = Debug|x64
		{1E0759D2-45AA-42BA-868B-D2FF2C8AD090}.MinSizeRel|x86.ActiveCfg = Debug|x64
		{1E0759D2-45AA-42BA-868B-D2FF2C8AD090}.MinSizeRel|x86.Build.0 = Debug|x64
		{1E0759D2-45AA-42BA-868B-D2FF2C8AD090}.Release|x64.ActiveCfg = Debug|x64
		{1E0759D2-45AA-42BA-868B-D2FF2C8AD090}.Release|x64.Build.0 = Debug|x64
		{1E0759D2-45AA-42BA-868B-D2FF2C8AD090}.Release|x86.ActiveCfg = Debug|x64
		{1E0759D2-45AA-42BA-868B-D2FF2C8AD090}.Release|x86.Build.0 = Debug|x64
		{1E0759D2-45AA-42BA-868B-D2FF2C8AD090}.RelWithDebInfo|x64.ActiveCfg = Debug|x64
		{1E0759D2-45AA-42BA-868B-D2FF2C8AD090}.RelWithDebInfo|x64.Build.0 = Debug|x64
		{1E0759D2-45AA-42BA-868B-D2FF2C8AD090}.RelWithDebInfo|x86.ActiveCfg = Debug|x64
		{1E0759D2-45AA-42BA-868B-D2FF2C8AD090}.RelWithDebInfo|x86.Build.0 = Debug|x64
		{7F964E81-01F7-4D5C-8DD0-41DB30BCB9A6}.Debug|x64.ActiveCfg = Debug|x64
		{7F964E81-01F7-4D5C-8DD0-41DB30BCB9A6}.Debug|x64.Build.0 = Debug|x64
		{7F964E81-01F7-4D5C-8DD0-41DB30BCB9A6}.Debug|x86.ActiveCfg = Debug|Win32
		{7F964E81-01F7-4D5C-8DD0-41DB30BCB9A6}.Debug|x86.Build.0 = Debug|Win32
		{7F964E81-01F7-4D5C-8DD0-41DB30BCB9A6}.MinSizeRel|x64.ActiveCfg = Debug|x64
		{7F964E81-01F7-4D5C-8DD0-41DB30BCB9A6}.MinSizeRel|x64.Build.0 = Debug|x64
		{7F964E81-01F7-4D5C-8DD0-41DB30BCB9A6}.MinSizeRel|x86.ActiveCfg = Debug|x64
		{7F964E81-01F7-4D5C-8DD0-41DB30BCB9A6}.MinSizeRel|x86.Build.0 = Debug|x64
		{7F964E81-01F7-4D5C-8DD0-41DB30BCB9A6}.Release|x64.ActiveCfg = Debug|x64
		{7F964E81-01F7-4D5C-8DD0-41DB30BCB9A6}.Release|x64.Build.0 = Debug|x64
		{7F964E81-01F7-4D5C-8DD0-41DB30BCB9A6}.Release|x86.ActiveCfg = Debug|x64
		{7F964E81-01F7-4D5C-8DD0-41DB30BCB9A6}.Release|x86.Build.0 = Debug|x64
		{7F964E81-01F7-4D5C-8DD0-41DB30BCB9A6}.RelWithDebInfo|x64.ActiveCfg = Debug|x64
		{7F964E81-01F7-4D5C-8DD0-41DB30BCB9A6}.RelWithDebInfo|x64.Build.0 = Debug|x64
		{7F964E81-01F7-4D5C-8DD0-41DB30BCB9A6}.RelWithDebInfo|x86.ActiveCfg = Debug|x64
		{7F964E81-01F7-4D5C-8DD0-41DB30BCB9A6}.RelWithDebInfo|x86.Build.0 = Debug|x64
		{D32CEA8F-FE61-4151-A8E7-BF0BC2FC1B17}.Debug|x64.ActiveCfg = Debug|x64
		{D32CEA8F-FE61-4151-A8E7-BF0BC2FC1B17}.Debug|x64.Build.0 = Debug|x64
		{D32CEA8F-FE61-4151-A8E7-BF0BC2FC1B17}.Debug|x86.ActiveCfg = Debug|Win32
		{D32CEA8F-FE61-4151-A8E7-BF0BC2FC1B17}.Debug|x86.Build.0 = Debug|Win32
		{D32CEA8F-FE61-4151-A8E7-BF0BC2FC1B17}.MinSizeRel|x64.ActiveCfg = Debug|x64
		{D32CEA8F-FE61-4151-A8E7-BF0BC2FC1B17}.MinSizeRel|x64.Build.0 = Debug|x64
		{D32CEA8F-FE61-4151-A8E7-BF0BC2FC1B17}.MinSizeRel|x86.ActiveCfg = Debug|x64
		{D32CEA8F-FE61-4151-A8E7-BF0BC2FC1B17}.MinSizeRel|x86.Build.0 = Debug|x64
		{D32CEA8F-FE61-4151-A8E7-BF0BC2FC1B17}.Release|x64.ActiveCfg = Debug|x64
		{D32CEA8F-FE61-4151-A8E7-BF0BC2FC1B17}.Release|x64.Build.0 = Debug|x64
		{D32CEA8F-FE61-4151-A8E7-BF0BC2FC1B17}.Release|x86.ActiveCfg = Debug|x64
		{D32CEA8F-FE61-4151-A8E7-BF0BC2FC1B17}.Release|x86.Build.0 = Debug|x64
		{D32CEA8F-FE61-4151-A8E7-BF0BC2FC1B17}.RelWithDebInfo|x64.ActiveCfg = Debug|x64
		{D32CEA8F-FE61-4151-A8E7-BF0BC2FC1B17}.RelWithDebInfo|x64.Build.0 = Debug|x64
		{D32CEA8F-FE61-4151-A8E7-BF0BC2FC1B17}.RelWithDebInfo|x86.ActiveCfg = Debug|x64
		{D32CEA8F-FE61-4151-A8E7-BF0BC2FC1B17}.RelWithDebInfo|x86.Build.0 = Debug|x64
		{09AFA8DB-8A3A-4C71-AE6C-C00296961925}.Debug|x64.ActiveCfg = Debug|x64
		{09AFA8DB-8A3A-4C71-AE6C-C00296961925}.Debug|x64.Build.0 = Debug|x64
		{09AFA8DB-8A3A-4C71-AE6C-C00296961925}.Debug|x86.ActiveCfg = Debug|Win32
		{09AFA8DB-8A3A-4C71-AE6C-C00296961925}.Debug|x86.Build.0 = Debug|Win32
		{09AFA8DB-8A3A-4C71-AE6C-C00296961925}.MinSizeRel|x64.ActiveCfg = Debug|x64
		{09AFA8DB-8A3A-4C71-AE6C-C00296961925}.MinSizeRel|x64.Build.0 = Debug|x64
		{09AFA8DB-8A3A-4C71-AE6C-C00296961925}.MinSizeRel|x86.ActiveCfg = Debug|x64
		{09AFA8DB-8A3A-4C71-AE6C-C00296961925}.MinSizeRel|x86.Build.0 = Debug|x64
		{09AFA8DB-8A3A-4C71-AE6C-C00296961925}.Release|x64.ActiveCfg = Debug|x64
		{09AFA8DB-8A3A-4C71-AE6C-C00296961925}.Release|x64.Build.0 = Debug|x64
		{09AFA8DB-8A3A-4C71-AE6C-C00296961925}.Release|x86.ActiveCfg = Debug|x64
		{09AFA8DB-8A3A-4C71-AE6C-C00296961925}.Release|x86.Build.0 = Debug|x64
		{09AFA8DB-8A3A-4C71-AE6C-C00296961925}.RelWithDebInfo|x64.ActiveCfg = Debug|x64
		{09AFA8DB-8A3A-4C71-AE6C-C00296961925}.RelWithDebInfo|x64.Build.0 = Debug|x64
		{09AFA8DB-8A3A-4C71-AE6C-C00296961925}.RelWithDebInfo|x86.ActiveCfg = Debug|x64
		{09AFA8DB-8A3A-4C71-AE6C-C00296961925}.RelWithDebInfo|x86.Build.0 = Debug|x64
		{F173F9C2-31F7-3735-8542-37BBE89DDA82}.Debug|x64.ActiveCfg = Debug|x64
		{F173F9C2-31F7-3735-8542-37BBE89DDA82}.Debug|x64.Build.0 = Debug|x64
		{F173F9C2-31F7-3735-8542-37BBE89DDA82}.Debug|x86.ActiveCfg = Debug|x64
		{F173F9C2-31F7-3735-8542-37BBE89DDA82}.MinSizeRel|x64.ActiveCfg = MinSizeRel|x64
		{F173F9C2-31F7-3735-8542-37BBE89DDA82}.MinSizeRel|x64.Build.0 = MinSizeRel|x64
		{F173F9C2-31F7-3735-8542-37BBE89DDA82}.MinSizeRel|x86.ActiveCfg = MinSizeRel|x64
		{F173F9C2-31F7-3735-8542-37BBE89DDA82}.Release|x64.ActiveCfg = Release|x64
		{F173F9C2-31F7-3735-8542-37BBE89DDA82}.Release|x64.Build.0 = Release|x64
		{F173F9C2-31F7-3735-8542-37BBE89DDA82}.Release|x86.ActiveCfg = Release|x64
		{F173F9C2-31F7-3735-8542-37BBE89DDA82}.RelWithDebInfo|x64.ActiveCfg = RelWithDebInfo|x64
		{F173F9C2-31F7-3735-8542-37BBE89DDA82}.RelWithDebInfo|x64.Build.0 = RelWithDebInfo|x64
		{F173F9C2-31F7-3735-8542-37BBE89DDA82}.RelWithDebInfo|x86.ActiveCfg = RelWithDebInfo|x64
		{16991770-9541-4702-BA06-23B9BF4A6C1A}.Debug|x64.ActiveCfg = Debug|x64
		{16991770-9541-4702-BA06-23B9BF4A6C1A}.Debug|x64.Build.0 = Debug|x64
		{16991770-9541-4702-BA06-23B9BF4A6C1A}.Debug|x86.ActiveCfg = Debug|Win32
		{16991770-9541-4702-BA06-23B9BF4A6C1A}.Debug|x86.Build.0 = Debug|Win32
		{16991770-9541-4702-BA06-23B9BF4A6C1A}.MinSizeRel|x64.ActiveCfg = Release|x64
		{16991770-9541-4702-BA06-23B9BF4A6C1A}.MinSizeRel|x64.Build.0 = Release|x64
		{16991770-9541-4702-BA06-23B9BF4A6C1A}.MinSizeRel|x86.ActiveCfg = Release|Win32
		{16991770-9541-4702-BA06-23B9BF4A6C1A}.MinSizeRel|x86.Build.0 = Release|Win32
		{16991770-9541-4702-BA06-23B9BF4A6C1A}.Release|x64.ActiveCfg = Release|x64
		{16991770-9541-4702-BA06-23B9BF4A6C1A}.Release|x64.Build.0 = Release|x64
		{16991770-9541-4702-BA06-23B9BF4A6C1A}.Release|x86.ActiveCfg = Release|Win32
		{16991770-9541-4702-BA06-23B9BF4A6C1A}.Release|x86.Build.0 = Release|Win32
		{16991770-9541-4702-BA06-23B9BF4A6C1A}.RelWithDebInfo|x64.ActiveCfg = Release|x64
		{16991770-9541-4702-BA06-23B9BF4A6C1A}.RelWithDebInfo|x64.Build.0 = Release|x64
		{16991770-9541-4702-BA06-23B9BF4A6C1A}.RelWithDebInfo|x86.ActiveCfg = Release|Win32
		{16991770-9541-4702-BA06-23B9BF4A6C1A}.RelWithDebInfo|x86.Build.0 = Release|Win32
		{9689231A-F0D9-30CD-9670-3DD23DCCECA7}.Debug|x64.ActiveCfg = Debug|x64
		{9689231A-F0D9-30CD-9670-3DD23DCCECA7}.Debug|x64.Build.0 = Debug|x64
		{9689231A-F0D9-30CD-9670-3DD23DCCECA7}.Debug|x86.ActiveCfg = Debug|x64
		{9689231A-F0D9-30CD-9670-3DD23DCCECA7}.MinSizeRel|x64.ActiveCfg = MinSizeRel|x64
		{9689231A-F0D9-30CD-9670-3DD23DCCECA7}.MinSizeRel|x64.Build.0 = MinSizeRel|x64
		{9689231A-F0D9-30CD-9670-3DD23DCCECA7}.MinSizeRel|x86.ActiveCfg = MinSizeRel|x64
		{9689231A-F0D9-30CD-9670-3DD23DCCECA7}.Release|x64.ActiveCfg = Release|x64
		{9689231A-F0D9-30CD-9670-3DD23DCCECA7}.Release|x64.Build.0 = Release|x64
		{9689231A-F0D9-30CD-9670-3DD23DCCECA7}.Release|x86.ActiveCfg = Release|x64
		{9689231A-F0D9-30CD-9670-3DD23DCCECA7}.RelWithDebInfo|x64.ActiveCfg = RelWithDebInfo|x64
		{9689231A-F0D9-30CD-9670-3DD23DCCECA7}.RelWithDebInfo|x64.Build.0 = RelWithDebInfo|x64
		{9689231A-F0D9-30CD-9670-3DD23DCCECA7}.RelWithDebInfo|x86.ActiveCfg = RelWithDebInfo|x64
		{76C1C6EE-4021-4F86-8E74-D43AAF0076A1}.Debug|x64.ActiveCfg = Debug|x64
		{76C1C6EE-4021-4F86-8E74-D43AAF0076A1}.Debug|x64.Build.0 = Debug|x64
		{76C1C6EE-4021-4F86-8E74-D43AAF0076A1}.Debug|x86.ActiveCfg = Debug|Win32
		{76C1C6EE-4021-4F86-8E74-D43AAF0076A1}.Debug|x86.Build.0 = Debug|Win32
		{76C1C6EE-4021-4F86-8E74-D43AAF0076A1}.MinSizeRel|x64.ActiveCfg = Release|x64
		{76C1C6EE-4021-4F86-8E74-D43AAF0076A1}.MinSizeRel|x64.Build.0 = Release|x64
		{76C1C6EE-4021-4F86-8E74-D43AAF0076A1}.MinSizeRel|x86.ActiveCfg = Release|Win32
		{76C1C6EE-4021-4F86-8E74-D43AAF0076A1}.MinSizeRel|x86.Build.0 = Release|Win32
		{76C1C6EE-4021-4F86-8E74-D43AAF0076A1}.Release|x64.ActiveCfg = Release|x64
		{76C1C6EE-4021-4F86-8E74-D43AAF0076A1}.Release|x64.Build.0 = Release|x64
		{76C1C6EE-4021-4F86-8E74-D43AAF0076A1}.Release|x86.ActiveCfg = Release|Win32
		{76C1C6EE-4021-4F86-8E74-D43AAF0076A1}.Release|x86.Build.0 = Release|Win32
		{76C1C6EE-4021-4F86-8E74-D43AAF0076A1}.RelWithDebInfo|x64.ActiveCfg = Release|x64
		{76C1C6EE-4021-4F86-8E74-D43AAF0076A1}.RelWithDebInfo|x64.Build.0 = Release|x64
		{76C1C6EE-4021-4F86-8E74-D43AAF0076A1}.RelWithDebInfo|x86.ActiveCfg = Release|Win32
		{76C1C6EE-4021-4F86-8E74-D43AAF0076A1}.RelWithDebInfo|x86.Build.0 = Release|Win32
	EndGlobalSection
	GlobalSection(SolutionProperties) = preSolution
		HideSolutionNode = FALSE
	EndGlobalSection
	GlobalSection(NestedProjects) = preSolution
		{09AFA8DB-8A3A-4C71-AE6C-C00296961925} = {23D7BC52-0419-4BA5-B766-F9714F1D970C}
		{F173F9C2-31F7-3735-8542-37BBE89DDA82} = {6B0CEF70-01C5-4AA9-9BBD-7C24EF75E185}
		{16991770-9541-4702-BA06-23B9BF4A6C1A} = {23D7BC52-0419-4BA5-B766-F9714F1D970C}
		{9689231A-F0D9-30CD-9670-3DD23DCCECA7} = {6B0CEF70-01C5-4AA9-9BBD-7C24EF75E185}
	EndGlobalSection
	GlobalSection(ExtensibilityGlobals) = postSolution
		SolutionGuid = {C76364E3-80DC-4DF7-93C4-B391133E6F8B}
	EndGlobalSection
EndGlobal
