<?xml version="1.0" encoding="utf-8"?>
<Project ToolsVersion="15.0" xmlns="http://schemas.microsoft.com/developer/msbuild/2003">
  <ItemGroup>
    <CustomBuild Include="C:\Users\Freemedude\Documents\Projects\itu\games\rte\assimp-4.1.0\CMakeFiles\c796e6051c2d482510272532f15178a6\INSTALL_force.rule">
      <Filter>CMake Rules</Filter>
    </CustomBuild>
  </ItemGroup>
  <ItemGroup>
    <Filter Include="CMake Rules">
      <UniqueIdentifier>{48BF5C03-6692-3197-97A7-B27E1FF88215}</UniqueIdentifier>
    </Filter>
  </ItemGroup>
</Project>
