Microsoft Visual Studio Solution File, Format Version 12.00
# Visual Studio 15
Project("{2150E333-8FDC-42A3-9474-1A3956D46DE8}") = "CMakePredefinedTargets", "CMakePredefinedTargets", "{3B3B8EC2-3833-3F01-B8E4-8F8595213207}"
EndProject
Project("{2150E333-8FDC-42A3-9474-1A3956D46DE8}") = "GLFW3", "GLFW3", "{D40951A0-64ED-32C9-A758-2D74C56B5154}"
EndProject
Project("{8BC9CEB8-8B4A-11D0-8D11-00A0C91BC942}") = "ALL_BUILD", "ALL_BUILD.vcxproj", "{D2752C70-8700-3A37-B879-E31D73DA7F18}"
	ProjectSection(ProjectDependencies) = postProject
		{C584587E-9517-34B4-8A80-D9855770C544} = {C584587E-9517-34B4-8A80-D9855770C544}
		{F173F9C2-31F7-3735-8542-37BBE89DDA82} = {F173F9C2-31F7-3735-8542-37BBE89DDA82}
	EndProjectSection
EndProject
Project("{8BC9CEB8-8B4A-11D0-8D11-00A0C91BC942}") = "ZERO_CHECK", "ZERO_CHECK.vcxproj", "{C584587E-9517-34B4-8A80-D9855770C544}"
	ProjectSection(ProjectDependencies) = postProject
	EndProjectSection
EndProject
Project("{8BC9CEB8-8B4A-11D0-8D11-00A0C91BC942}") = "glfw", "src\glfw.vcxproj", "{F173F9C2-31F7-3735-8542-37BBE89DDA82}"
	ProjectSection(ProjectDependencies) = postProject
		{C584587E-9517-34B4-8A80-D9855770C544} = {C584587E-9517-34B4-8A80-D9855770C544}
	EndProjectSection
EndProject
Global
	GlobalSection(SolutionConfigurationPlatforms) = preSolution
		Debug|x64 = Debug|x64
		Release|x64 = Release|x64
		MinSizeRel|x64 = MinSizeRel|x64
		RelWithDebInfo|x64 = RelWithDebInfo|x64
	EndGlobalSection
	GlobalSection(ProjectConfigurationPlatforms) = postSolution
		{D2752C70-8700-3A37-B879-E31D73DA7F18}.Debug|x64.ActiveCfg = Debug|x64
		{D2752C70-8700-3A37-B879-E31D73DA7F18}.Release|x64.ActiveCfg = Release|x64
		{D2752C70-8700-3A37-B879-E31D73DA7F18}.MinSizeRel|x64.ActiveCfg = MinSizeRel|x64
		{D2752C70-8700-3A37-B879-E31D73DA7F18}.RelWithDebInfo|x64.ActiveCfg = RelWithDebInfo|x64
		{C584587E-9517-34B4-8A80-D9855770C544}.Debug|x64.ActiveCfg = Debug|x64
		{C584587E-9517-34B4-8A80-D9855770C544}.Debug|x64.Build.0 = Debug|x64
		{C584587E-9517-34B4-8A80-D9855770C544}.Release|x64.ActiveCfg = Release|x64
		{C584587E-9517-34B4-8A80-D9855770C544}.Release|x64.Build.0 = Release|x64
		{C584587E-9517-34B4-8A80-D9855770C544}.MinSizeRel|x64.ActiveCfg = MinSizeRel|x64
		{C584587E-9517-34B4-8A80-D9855770C544}.MinSizeRel|x64.Build.0 = MinSizeRel|x64
		{C584587E-9517-34B4-8A80-D9855770C544}.RelWithDebInfo|x64.ActiveCfg = RelWithDebInfo|x64
		{C584587E-9517-34B4-8A80-D9855770C544}.RelWithDebInfo|x64.Build.0 = RelWithDebInfo|x64
		{F173F9C2-31F7-3735-8542-37BBE89DDA82}.Debug|x64.ActiveCfg = Debug|x64
		{F173F9C2-31F7-3735-8542-37BBE89DDA82}.Debug|x64.Build.0 = Debug|x64
		{F173F9C2-31F7-3735-8542-37BBE89DDA82}.Release|x64.ActiveCfg = Release|x64
		{F173F9C2-31F7-3735-8542-37BBE89DDA82}.Release|x64.Build.0 = Release|x64
		{F173F9C2-31F7-3735-8542-37BBE89DDA82}.MinSizeRel|x64.ActiveCfg = MinSizeRel|x64
		{F173F9C2-31F7-3735-8542-37BBE89DDA82}.MinSizeRel|x64.Build.0 = MinSizeRel|x64
		{F173F9C2-31F7-3735-8542-37BBE89DDA82}.RelWithDebInfo|x64.ActiveCfg = RelWithDebInfo|x64
		{F173F9C2-31F7-3735-8542-37BBE89DDA82}.RelWithDebInfo|x64.Build.0 = RelWithDebInfo|x64
	EndGlobalSection
	GlobalSection(NestedProjects) = preSolution
		{D2752C70-8700-3A37-B879-E31D73DA7F18} = {3B3B8EC2-3833-3F01-B8E4-8F8595213207}
		{C584587E-9517-34B4-8A80-D9855770C544} = {3B3B8EC2-3833-3F01-B8E4-8F8595213207}
		{F173F9C2-31F7-3735-8542-37BBE89DDA82} = {D40951A0-64ED-32C9-A758-2D74C56B5154}
	EndGlobalSection
	GlobalSection(ExtensibilityGlobals) = postSolution
		SolutionGuid = {C22A428A-15B8-3613-9E7A-4030898A41F5}
	EndGlobalSection
	GlobalSection(ExtensibilityAddIns) = postSolution
	EndGlobalSection
EndGlobal
